
Microsoft Visual Studio Solution File, Format Version 12.00
# Visual Studio Version 17
VisualStudioVersion = 17.8.34309.116
MinimumVisualStudioVersion = 10.0.40219.1
Project("{FAE04EC0-301F-11D3-BF4B-00C04F79EFBC}") = "WatchPortalFunction", "WatchPortalFunction\WatchPortalFunction.csproj", "{F9BB7005-1CBF-4C47-B0B5-DB643E0DF856}"
EndProject
Global
	GlobalSection(SolutionConfigurationPlatforms) = preSolution
		Debug|Any CPU = Debug|Any CPU
		Release|Any CPU = Release|Any CPU
	EndGlobalSection
	GlobalSection(ProjectConfigurationPlatforms) = postSolution
		{F9BB7005-1CBF-4C47-B0B5-DB643E0DF856}.Debug|Any CPU.ActiveCfg = Debug|Any CPU
		{F9BB7005-1CBF-4C47-B0B5-DB643E0DF856}.Debug|Any CPU.Build.0 = Debug|Any CPU
		{F9BB7005-1CBF-4C47-B0B5-DB643E0DF856}.Release|Any CPU.ActiveCfg = Release|Any CPU
		{F9BB7005-1CBF-4C47-B0B5-DB643E0DF856}.Release|Any CPU.Build.0 = Release|Any CPU
	EndGlobalSection
	GlobalSection(SolutionProperties) = preSolution
		HideSolutionNode = FALSE
	EndGlobalSection
	GlobalSection(ExtensibilityGlobals) = postSolution
		SolutionGuid = {DE022994-9965-49FD-92CC-F1ADDF12D656}
	EndGlobalSection
EndGlobal
